{
  "version": 4,
  "terraform_version": "1.12.2",
  "serial": 4,
  "lineage": "24b065dd-ce71-5a78-f704-8aa324806972",
  "outputs": {},
  "resources": [
    {
      "mode": "managed",
      "type": "azurerm_resource_group",
      "name": "api_rg",
      "provider": "provider[\"registry.terraform.io/hashicorp/azurerm\"]",
      "instances": [
        {
          "schema_version": 0,
          "attributes": {
            "id": "/subscriptions/83b06e03-6431-4089-b3f5-8407a223ddc7/resourceGroups/rg-myapi-prod",
            "location": "australiasoutheast",
            "managed_by": "",
            "name": "rg-myapi-prod",
            "tags": null,
            "timeouts": null
          },
          "sensitive_attributes": [],
          "identity_schema_version": 0,
          "private": "eyJlMmJmYjczMC1lY2FhLTExZTYtOGY4OC0zNDM2M2JjN2M0YzAiOnsiY3JlYXRlIjo1NDAwMDAwMDAwMDAwLCJkZWxldGUiOjU0MDAwMDAwMDAwMDAsInJlYWQiOjMwMDAwMDAwMDAwMCwidXBkYXRlIjo1NDAwMDAwMDAwMDAwfX0="
        }
      ]
    },
    {
      "mode": "managed",
      "type": "azurerm_service_plan",
      "name": "api_plan",
      "provider": "provider[\"registry.terraform.io/hashicorp/azurerm\"]",
      "instances": [
        {
          "schema_version": 1,
          "attributes": {
            "app_service_environment_id": "",
            "id": "/subscriptions/83b06e03-6431-4089-b3f5-8407a223ddc7/resourceGroups/rg-myapi-prod/providers/Microsoft.Web/serverFarms/plan-myapi-prod",
            "kind": "app",
            "location": "australiasoutheast",
            "maximum_elastic_worker_count": 1,
            "name": "plan-myapi-prod",
            "os_type": "Windows",
            "per_site_scaling_enabled": false,
            "reserved": false,
            "resource_group_name": "rg-myapi-prod",
            "sku_name": "B1",
            "tags": null,
            "timeouts": null,
            "worker_count": 1,
            "zone_balancing_enabled": false
          },
          "sensitive_attributes": [],
          "identity_schema_version": 0,
          "private": "eyJlMmJmYjczMC1lY2FhLTExZTYtOGY4OC0zNDM2M2JjN2M0YzAiOnsiY3JlYXRlIjozNjAwMDAwMDAwMDAwLCJkZWxldGUiOjM2MDAwMDAwMDAwMDAsInJlYWQiOjMwMDAwMDAwMDAwMCwidXBkYXRlIjozNjAwMDAwMDAwMDAwfSwic2NoZW1hX3ZlcnNpb24iOiIxIn0=",
          "dependencies": [
            "azurerm_resource_group.api_rg"
          ]
        }
      ]
    },
    {
      "mode": "managed",
      "type": "azurerm_windows_web_app",
      "name": "api_app",
      "provider": "provider[\"registry.terraform.io/hashicorp/azurerm\"]",
      "instances": [
        {
          "schema_version": 1,
          "attributes": {
            "app_settings": {
              "WEBSITE_RUN_FROM_PACKAGE": "1"
            },
            "auth_settings": [],
            "auth_settings_v2": [],
            "backup": [],
            "client_affinity_enabled": false,
            "client_certificate_enabled": false,
            "client_certificate_exclusion_paths": "",
            "client_certificate_mode": "Required",
            "connection_string": [],
            "custom_domain_verification_id": "9D8F0AAD743E82A1C9A9A1563CE5F9DE8007489A39051CFE3CD2254F1E8D8E9F",
            "default_hostname": "app-myapi-prod.azurewebsites.net",
            "enabled": true,
            "ftp_publish_basic_authentication_enabled": true,
            "hosting_environment_id": "",
            "https_only": false,
            "id": "/subscriptions/83b06e03-6431-4089-b3f5-8407a223ddc7/resourceGroups/rg-myapi-prod/providers/Microsoft.Web/sites/app-myapi-prod",
            "identity": [],
            "key_vault_reference_identity_id": "SystemAssigned",
            "kind": "app",
            "location": "australiasoutheast",
            "logs": [],
            "name": "app-myapi-prod",
            "outbound_ip_address_list": [
              "13.73.118.147",
              "13.73.118.149",
              "13.73.118.151",
              "13.73.118.152",
              "13.73.118.104"
            ],
            "outbound_ip_addresses": "13.73.118.147,13.73.118.149,13.73.118.151,13.73.118.152,13.73.118.104",
            "possible_outbound_ip_address_list": [
              "13.73.118.147",
              "13.73.118.149",
              "13.73.118.151",
              "13.73.118.152",
              "4.198.120.43",
              "40.127.95.80",
              "40.127.95.162",
              "40.127.65.131",
              "40.127.95.123",
              "40.127.95.165",
              "4.198.153.231",
              "20.190.110.25",
              "4.198.155.144",
              "4.198.155.162",
              "20.211.255.170",
              "4.198.154.139",
              "20.70.127.37",
              "20.11.184.26",
              "20.11.184.101",
              "20.11.189.98",
              "4.198.112.212",
              "20.11.184.204",
              "13.73.118.104"
            ],
            "possible_outbound_ip_addresses": "13.73.118.147,13.73.118.149,13.73.118.151,13.73.118.152,4.198.120.43,40.127.95.80,40.127.95.162,40.127.65.131,40.127.95.123,40.127.95.165,4.198.153.231,20.190.110.25,4.198.155.144,4.198.155.162,20.211.255.170,4.198.154.139,20.70.127.37,20.11.184.26,20.11.184.101,20.11.189.98,4.198.112.212,20.11.184.204,13.73.118.104",
            "public_network_access_enabled": true,
            "resource_group_name": "rg-myapi-prod",
            "service_plan_id": "/subscriptions/83b06e03-6431-4089-b3f5-8407a223ddc7/resourceGroups/rg-myapi-prod/providers/Microsoft.Web/serverFarms/plan-myapi-prod",
            "site_config": [
              {
                "always_on": true,
                "api_definition_url": "",
                "api_management_api_id": "",
                "app_command_line": "",
                "application_stack": [
                  {
                    "current_stack": "",
                    "docker_container_name": "",
                    "docker_container_registry": "",
                    "docker_container_tag": "",
                    "docker_image_name": "",
                    "docker_registry_password": "",
                    "docker_registry_url": "",
                    "docker_registry_username": "",
                    "dotnet_core_version": "",
                    "dotnet_version": "v4.0",
                    "java_container": "",
                    "java_container_version": "",
                    "java_embedded_server_enabled": false,
                    "java_version": "",
                    "node_version": "",
                    "php_version": "5.6",
                    "python": false,
                    "python_version": "",
                    "tomcat_version": ""
                  }
                ],
                "auto_heal_enabled": false,
                "auto_heal_setting": [],
                "container_registry_managed_identity_client_id": "",
                "container_registry_use_managed_identity": false,
                "cors": [],
                "default_documents": [
                  "Default.htm",
                  "Default.html",
                  "index.html",
                  "hostingstart.html"
                ],
                "detailed_error_logging_enabled": false,
                "ftps_state": "Disabled",
                "handler_mapping": [],
                "health_check_eviction_time_in_min": 0,
                "health_check_path": "",
                "http2_enabled": false,
                "ip_restriction": [],
                "ip_restriction_default_action": "Allow",
                "linux_fx_version": "",
                "load_balancing_mode": "LeastRequests",
                "local_mysql_enabled": false,
                "managed_pipeline_mode": "Integrated",
                "minimum_tls_version": "1.2",
                "remote_debugging_enabled": false,
                "remote_debugging_version": "VS2022",
                "scm_ip_restriction": [],
                "scm_ip_restriction_default_action": "Allow",
                "scm_minimum_tls_version": "1.2",
                "scm_type": "None",
                "scm_use_main_ip_restriction": false,
                "use_32_bit_worker": true,
                "virtual_application": [],
                "vnet_route_all_enabled": false,
                "websockets_enabled": false,
                "windows_fx_version": "",
                "worker_count": 1
              }
            ],
            "site_credential": [
              {
                "name": "$app-myapi-prod",
                "password": "2mHCZX9ucyMhuhnfNrbBGeLJQuvaZvM1fC6F1CwQLlkSo8hqPd13dvDgM2sb"
              }
            ],
            "sticky_settings": [],
            "storage_account": [],
            "tags": null,
            "timeouts": null,
            "virtual_network_subnet_id": "",
            "webdeploy_publish_basic_authentication_enabled": true,
            "zip_deploy_file": ""
          },
          "sensitive_attributes": [
            [
              {
                "type": "get_attr",
                "value": "custom_domain_verification_id"
              }
            ],
            [
              {
                "type": "get_attr",
                "value": "site_config"
              },
              {
                "type": "index",
                "value": {
                  "value": 0,
                  "type": "number"
                }
              },
              {
                "type": "get_attr",
                "value": "application_stack"
              },
              {
                "type": "index",
                "value": {
                  "value": 0,
                  "type": "number"
                }
              },
              {
                "type": "get_attr",
                "value": "docker_registry_password"
              }
            ],
            [
              {
                "type": "get_attr",
                "value": "site_credential"
              }
            ]
          ],
          "identity_schema_version": 0,
          "private": "eyJlMmJmYjczMC1lY2FhLTExZTYtOGY4OC0zNDM2M2JjN2M0YzAiOnsiY3JlYXRlIjoxODAwMDAwMDAwMDAwLCJkZWxldGUiOjE4MDAwMDAwMDAwMDAsInJlYWQiOjMwMDAwMDAwMDAwMCwidXBkYXRlIjoxODAwMDAwMDAwMDAwfSwic2NoZW1hX3ZlcnNpb24iOiIxIn0=",
          "dependencies": [
            "azurerm_resource_group.api_rg",
            "azurerm_service_plan.api_plan"
          ]
        }
      ]
    }
  ],
  "check_results": null
}
